
Microsoft Visual Studio Solution File, Format Version 12.00
# Visual Studio Version 17
VisualStudioVersion = 17.9.34728.123
MinimumVisualStudioVersion = 10.0.40219.1
Project("{FAE04EC0-301F-11D3-BF4B-00C04F79EFBC}") = "TTEC", "TTEC\TTEC.csproj", "{2F342245-1BCB-4F73-A19B-E123FDEBD622}"
EndProject
Project("{FAE04EC0-301F-11D3-BF4B-00C04F79EFBC}") = "TTECLogic", "TTECLogic\TTECLogic.csproj", "{6831FD5A-62B3-4F73-B04E-BB1AA31A9A91}"
EndProject
Global
	GlobalSection(SolutionConfigurationPlatforms) = preSolution
		Debug|Any CPU = Debug|Any CPU
		Release|Any CPU = Release|Any CPU
	EndGlobalSection
	GlobalSection(ProjectConfigurationPlatforms) = postSolution
		{2F342245-1BCB-4F73-A19B-E123FDEBD622}.Debug|Any CPU.ActiveCfg = Debug|Any CPU
		{2F342245-1BCB-4F73-A19B-E123FDEBD622}.Debug|Any CPU.Build.0 = Debug|Any CPU
		{2F342245-1BCB-4F73-A19B-E123FDEBD622}.Release|Any CPU.ActiveCfg = Release|Any CPU
		{2F342245-1BCB-4F73-A19B-E123FDEBD622}.Release|Any CPU.Build.0 = Release|Any CPU
		{6831FD5A-62B3-4F73-B04E-BB1AA31A9A91}.Debug|Any CPU.ActiveCfg = Debug|Any CPU
		{6831FD5A-62B3-4F73-B04E-BB1AA31A9A91}.Debug|Any CPU.Build.0 = Debug|Any CPU
		{6831FD5A-62B3-4F73-B04E-BB1AA31A9A91}.Release|Any CPU.ActiveCfg = Release|Any CPU
		{6831FD5A-62B3-4F73-B04E-BB1AA31A9A91}.Release|Any CPU.Build.0 = Release|Any CPU
	EndGlobalSection
	GlobalSection(SolutionProperties) = preSolution
		HideSolutionNode = FALSE
	EndGlobalSection
	GlobalSection(ExtensibilityGlobals) = postSolution
		SolutionGuid = {C7C1A99C-08DC-493C-B697-DBBB98C5BA2D}
	EndGlobalSection
EndGlobal
